
Microsoft Visual Studio Solution File, Format Version 12.00
# Visual Studio Version 17
VisualStudioVersion = 17.7.34031.279
MinimumVisualStudioVersion = 10.0.40219.1
Project("{FAE04EC0-301F-11D3-BF4B-00C04F79EFBC}") = "RTF_Magic", "RTF_Magic\RTF_Magic.csproj", "{BD993C37-83F7-4F69-A76F-11B305621D32}"
EndProject
Global
	GlobalSection(SolutionConfigurationPlatforms) = preSolution
		Debug|Any CPU = Debug|Any CPU
		Release|Any CPU = Release|Any CPU
	EndGlobalSection
	GlobalSection(ProjectConfigurationPlatforms) = postSolution
		{BD993C37-83F7-4F69-A76F-11B305621D32}.Debug|Any CPU.ActiveCfg = Debug|Any CPU
		{BD993C37-83F7-4F69-A76F-11B305621D32}.Debug|Any CPU.Build.0 = Debug|Any CPU
		{BD993C37-83F7-4F69-A76F-11B305621D32}.Release|Any CPU.ActiveCfg = Release|Any CPU
		{BD993C37-83F7-4F69-A76F-11B305621D32}.Release|Any CPU.Build.0 = Release|Any CPU
	EndGlobalSection
	GlobalSection(SolutionProperties) = preSolution
		HideSolutionNode = FALSE
	EndGlobalSection
	GlobalSection(ExtensibilityGlobals) = postSolution
		SolutionGuid = {7D3569E1-8A71-46ED-A8D6-C39BA50CA645}
	EndGlobalSection
EndGlobal
